
Microsoft Visual Studio Solution File, Format Version 12.00
# Visual Studio Version 17
VisualStudioVersion = 17.8.34408.163
MinimumVisualStudioVersion = 10.0.40219.1
Project("{FAE04EC0-301F-11D3-BF4B-00C04F79EFBC}") = "p4g64.accessibility", "p4g64.accessibility\p4g64.accessibility.csproj", "{494C3C35-9D79-4F3F-AB0D-7A2F0227FAD9}"
EndProject
Global
	GlobalSection(SolutionConfigurationPlatforms) = preSolution
		Debug|Any CPU = Debug|Any CPU
		Release|Any CPU = Release|Any CPU
	EndGlobalSection
	GlobalSection(ProjectConfigurationPlatforms) = postSolution
		{494C3C35-9D79-4F3F-AB0D-7A2F0227FAD9}.Debug|Any CPU.ActiveCfg = Debug|Any CPU
		{494C3C35-9D79-4F3F-AB0D-7A2F0227FAD9}.Debug|Any CPU.Build.0 = Debug|Any CPU
		{494C3C35-9D79-4F3F-AB0D-7A2F0227FAD9}.Release|Any CPU.ActiveCfg = Release|Any CPU
		{494C3C35-9D79-4F3F-AB0D-7A2F0227FAD9}.Release|Any CPU.Build.0 = Release|Any CPU
	EndGlobalSection
	GlobalSection(SolutionProperties) = preSolution
		HideSolutionNode = FALSE
	EndGlobalSection
	GlobalSection(ExtensibilityGlobals) = postSolution
		SolutionGuid = {7771D8A9-2C74-471B-A078-E3D3A32C5B7D}
	EndGlobalSection
EndGlobal
